# THIS IS AN AUTOGENERATED FILE. DO NOT EDIT THIS FILE DIRECTLY.
# yarn lockfile v1


"@rescript/react@^0.10.3":
  version "0.10.3"
  resolved "https://registry.yarnpkg.com/@rescript/react/-/react-0.10.3.tgz#a2a8bed6b017940ec26c2154764b350f50348889"
  integrity sha512-Lf9rzrR3bQPKJjOK3PBRa/B3xrJ7CqQ1HYr9VHPVxJidarIJJFZBhj0Dg1uZURX+Wg/xiP0PHFxXmdj2bK8Vxw==

prettier@^2.2.0:
  version "2.4.1"
  resolved "https://registry.yarnpkg.com/prettier/-/prettier-2.4.1.tgz#671e11c89c14a4cfc876ce564106c4a6726c9f5c"
  integrity sha512-9fbDAXSBcc6Bs1mZrDYb3XKzDLm4EXXL9sC1LqKP5rZkT6KRr/rf9amVUcODVXgguK/isJz0d0hP72WeaKWsvA==

rescript-react-native@^0.66.0:
  version "0.66.0"
  resolved "https://registry.yarnpkg.com/rescript-react-native/-/rescript-react-native-0.66.0.tgz#2b6981dce30ffd0b88cd7c585cd05609a6177a4d"
  integrity sha512-EuB1gAYjrXO7LtYRxB+/doJw9jX0oKhefpJ4yiREsYd2AW4lMva8UVAHh1GKV7jkDW9012jdyfY6E81mzl7ysQ==

rescript@^9.1.4:
  version "9.1.4"
  resolved "https://registry.yarnpkg.com/rescript/-/rescript-9.1.4.tgz#1eb126f98d6c16942c0bf0df67c050198e580515"
  integrity sha512-aXANK4IqecJzdnDpJUsU6pxMViCR5ogAxzuqS0mOr8TloMnzAjJFu63fjD6LCkWrKAhlMkFFzQvVQYaAaVkFXw==
