# THIS IS AN AUTOGENERATED FILE. DO NOT EDIT THIS FILE DIRECTLY.
# yarn lockfile v1


"@rescript/darwin-arm64@12.0.0":
  version "12.0.0"
  resolved "https://registry.yarnpkg.com/@rescript/darwin-arm64/-/darwin-arm64-12.0.0.tgz#8462ce236354f6bf631384dff62dab986383dd2e"
  integrity sha512-N2zNj/Uh0zrg8BJGWxdQjYTDf0d2ZV8D+Vmct8xORaUcEZvAkvZb+xA66UxP2QGhWmATcHmBth7oJ48xpWz/Vg==

"@rescript/darwin-x64@12.0.0":
  version "12.0.0"
  resolved "https://registry.yarnpkg.com/@rescript/darwin-x64/-/darwin-x64-12.0.0.tgz#7625fa4b8939957950c2e5f5a12e984e3a8a5e12"
  integrity sha512-Qx/ao3Fl2lx3rF8mbRsyRK5HGAx8pmzyCdpSIAaUun5wLBnsJbNqgvqUH7VeI2TwaczHvcIljrYmnB7T5LJdFQ==

"@rescript/linux-arm64@12.0.0":
  version "12.0.0"
  resolved "https://registry.yarnpkg.com/@rescript/linux-arm64/-/linux-arm64-12.0.0.tgz#2e0f3c8dd61973ebd27482dbb8ea7c02858c4481"
  integrity sha512-H65csj/0uqqjYy235m0h5CFxbrsas6RoVfjy5Xjf91Vyg/r5R/QIGQvhMtFvl4QojYsa1wXzXGcujwXh+S15xQ==

"@rescript/linux-x64@12.0.0":
  version "12.0.0"
  resolved "https://registry.yarnpkg.com/@rescript/linux-x64/-/linux-x64-12.0.0.tgz#09e6dd043de09b5e0aa632103b333c4b92e6ce72"
  integrity sha512-WizQwyfMadxF096foZYU3I4zxcnNIc9XP7TP4fqdfe0v6OvQ5yHMI/uIfOsJ1GfNALce2UxvgS0pn67uxc55uA==

"@rescript/react@^0.14.0":
  version "0.14.0"
  resolved "https://registry.yarnpkg.com/@rescript/react/-/react-0.14.0.tgz#f5733c2db6b103913a99f0f7c1a1db9d8e85509b"
  integrity sha512-ncOHWK7ujQmff+QMYKRmtwETvJVolzkwRpDa0MFenEXdUz9ZYywNbq+xH9F9RDQeSwC3/4s9JeUQVyTu4fMpHw==

"@rescript/runtime@12.0.0":
  version "12.0.0"
  resolved "https://registry.yarnpkg.com/@rescript/runtime/-/runtime-12.0.0.tgz#f33c6c6709cfc06551ada3a42a9def5954317b5f"
  integrity sha512-STRbYHT5rnW61vWn2+Bdtj620XaprnoBSbPbkvOYZ+Zs8nfqtpBjhNw+JNpGQLXf73crk6MhxFGPxL2o5vb8TQ==

"@rescript/win32-x64@12.0.0":
  version "12.0.0"
  resolved "https://registry.yarnpkg.com/@rescript/win32-x64/-/win32-x64-12.0.0.tgz#2a0194d80c14c8204422682a97720b01f4b5f2b1"
  integrity sha512-kkqj4kQGbni5YglWoPm76M6hUuzKJHDEiLce5EZxW2Q4FrkS9dNRgm02c2Ck1cz/uKCS3m+ZoKQGIMMXTvo5Jw==

"@types/react-native-vector-icons@^6.4.6":
  version "6.4.18"
  resolved "https://registry.yarnpkg.com/@types/react-native-vector-icons/-/react-native-vector-icons-6.4.18.tgz#18671c617b9d0958747bc959903470dde91a8c79"
  integrity sha512-YGlNWb+k5laTBHd7+uZowB9DpIK3SXUneZqAiKQaj1jnJCZM0x71GDim5JCTMi4IFkhc9m8H/Gm28T5BjyivUw==
  dependencies:
    "@types/react" "*"
    "@types/react-native" "^0.70"

"@types/react-native@^0.70":
  version "0.70.19"
  resolved "https://registry.yarnpkg.com/@types/react-native/-/react-native-0.70.19.tgz#b4e651dcf7f49c69ff3a4c3072584cad93155582"
  integrity sha512-c6WbyCgWTBgKKMESj/8b4w+zWcZSsCforson7UdXtXMecG3MxCinYi6ihhrHVPyUrVzORsvEzK8zg32z4pK6Sg==
  dependencies:
    "@types/react" "*"

"@types/react@*":
  version "19.2.7"
  resolved "https://registry.yarnpkg.com/@types/react/-/react-19.2.7.tgz#84e62c0f23e8e4e5ac2cadcea1ffeacccae7f62f"
  integrity sha512-MWtvHrGZLFttgeEj28VXHxpmwYbor/ATPYbBfSFZEIRK0ecCFLl2Qo55z52Hss+UV9CRN7trSeq1zbgx7YDWWg==
  dependencies:
    csstype "^3.2.2"

color-convert@^1.9.3:
  version "1.9.3"
  resolved "https://registry.yarnpkg.com/color-convert/-/color-convert-1.9.3.tgz#bb71850690e1f136567de629d2d5471deda4c1e8"
  integrity sha512-QfAUtd+vFdAtFQcC8CCyYt1fYWxSqAiK2cSD6zDB8N3cpsEBAvRxp9zOGg6G/SHHJYAT88/az/IuDGALsNVbGg==
  dependencies:
    color-name "1.1.3"

color-name@1.1.3:
  version "1.1.3"
  resolved "https://registry.yarnpkg.com/color-name/-/color-name-1.1.3.tgz#a7d0558bd89c42f795dd42328f740831ca53bc25"
  integrity sha512-72fSenhMw2HZMTVHeCA9KCmpEIbzWiQsjN+BHcBbS9vr1mtt+vJjPdksIBNUmKAW8TFUDPJK5SUU3QhE9NEXDw==

color-name@^1.0.0:
  version "1.1.4"
  resolved "https://registry.yarnpkg.com/color-name/-/color-name-1.1.4.tgz#c2a09a87acbde69543de6f63fa3995c826c536a2"
  integrity sha512-dOy+3AuW3a2wNbZHIuMZpTcgjGuLU/uBL/ubcZF9OXbDo8ff4O8yVp5Bf0efS8uEoYo5q4Fx7dY9OgQGXgAsQA==

color-string@^1.6.0:
  version "1.9.1"
  resolved "https://registry.yarnpkg.com/color-string/-/color-string-1.9.1.tgz#4467f9146f036f855b764dfb5bf8582bf342c7a4"
  integrity sha512-shrVawQFojnZv6xM40anx4CkoDP+fZsw/ZerEMsW/pyzsRbElpsL/DBVW7q3ExxwusdNXI3lXpuhEZkzs8p5Eg==
  dependencies:
    color-name "^1.0.0"
    simple-swizzle "^0.2.2"

color@^3.1.2:
  version "3.2.1"
  resolved "https://registry.yarnpkg.com/color/-/color-3.2.1.tgz#3544dc198caf4490c3ecc9a790b54fe9ff45e164"
  integrity sha512-aBl7dZI9ENN6fUGC7mWpMTPNHmWUSNan9tuWN6ahh5ZLNk9baLJOnSMlrQkHcrfFgz2/RigjUVAjdx36VcemKA==
  dependencies:
    color-convert "^1.9.3"
    color-string "^1.6.0"

csstype@^3.2.2:
  version "3.2.3"
  resolved "https://registry.yarnpkg.com/csstype/-/csstype-3.2.3.tgz#ec48c0f3e993e50648c86da559e2610995cf989a"
  integrity sha512-z1HGKcYy2xA8AGQfwrn0PAy+PB7X/GSj3UVJW9qKyn43xWa+gl5nXmU4qqLMRzWVLFC8KusUX8T/0kCiOYpAIQ==

deepmerge@^4.2.2:
  version "4.3.1"
  resolved "https://registry.yarnpkg.com/deepmerge/-/deepmerge-4.3.1.tgz#44b5f2147cd3b00d4b56137685966f26fd25dd4a"
  integrity sha512-3sUqbMEc77XqpdNO7FRyRog+eW3ph+GYCbj+rK+uYyRMuwsVy0rMiVtPn+QJlKFvWP/1PYpapqYn0Me2knFn+A==

hoist-non-react-statics@^3.3.2:
  version "3.3.2"
  resolved "https://registry.yarnpkg.com/hoist-non-react-statics/-/hoist-non-react-statics-3.3.2.tgz#ece0acaf71d62c2969c2ec59feff42a4b1a85b45"
  integrity sha512-/gGivxi8JPKWNm/W0jSmzcMPpfpPLc3dY/6GxhX2hQ9iGj3aDfklV4ET7NjKpSinLpJ5vafa9iiGIEZg10SfBw==
  dependencies:
    react-is "^16.7.0"

is-arrayish@^0.3.1:
  version "0.3.4"
  resolved "https://registry.yarnpkg.com/is-arrayish/-/is-arrayish-0.3.4.tgz#1ee5553818511915685d33bb13d31bf854e5059d"
  integrity sha512-m6UrgzFVUYawGBh1dUsWR5M2Clqic9RVXC/9f8ceNlv2IcO9j9J/z8UoCLPqtsPBFNzEpfR3xftohbfqDx8EQA==

lodash.isequal@^4.5.0:
  version "4.5.0"
  resolved "https://registry.yarnpkg.com/lodash.isequal/-/lodash.isequal-4.5.0.tgz#415c4478f2bcc30120c22ce10ed3226f7d3e18e0"
  integrity sha512-pDo3lu8Jhfjqls6GkMgpahsF9kCyayhgykjyLMNFTKWrpVdAQtYyB4muAMWozBB4ig/dtWAmsMxLEI8wuz+DYQ==

lodash@^4.17.15:
  version "4.17.21"
  resolved "https://registry.yarnpkg.com/lodash/-/lodash-4.17.21.tgz#679591c564c3bffaae8454cf0b3df370c3d6911c"
  integrity sha512-v2kDEe57lecTulaDIuNTPy3Ry4gLGJ6Z1O3vE1krgXZNrsQ+LFTGHVxVjcXPs17LhbZVGedAJv8XZ1tvj5FvSg==

opencollective-postinstall@^2.0.3:
  version "2.0.3"
  resolved "https://registry.yarnpkg.com/opencollective-postinstall/-/opencollective-postinstall-2.0.3.tgz#7a0fff978f6dbfa4d006238fbac98ed4198c3259"
  integrity sha512-8AV/sCtuzUeTo8gQK5qDZzARrulB3egtLzFgteqB2tcT4Mw7B8Kt7JcDHmltjz6FOAHsvTevk70gZEbhM4ZS9Q==

prettier@^3.7.1:
  version "3.7.1"
  resolved "https://registry.yarnpkg.com/prettier/-/prettier-3.7.1.tgz#8dfbf54c98e85a113962d3d8414ae82ff3722991"
  integrity sha512-RWKXE4qB3u5Z6yz7omJkjWwmTfLdcbv44jUVHC5NpfXwFGzvpQM798FGv/6WNK879tc+Cn0AAyherCl1KjbyZQ==

react-is@^16.7.0:
  version "16.13.1"
  resolved "https://registry.yarnpkg.com/react-is/-/react-is-16.13.1.tgz#789729a4dc36de2999dc156dd6c1d9c18cea56a4"
  integrity sha512-24e6ynE2H+OKt4kqsOvNd8kBpV65zoxbA4BVsEOB3ARVWQki/DHzaUoC5KuON/BiccDaCCTZBuOcfZs70kR8bQ==

react-native-elements@^3.4.0:
  version "3.4.3"
  resolved "https://registry.yarnpkg.com/react-native-elements/-/react-native-elements-3.4.3.tgz#c33919002aef83a0c0f98d0ed56009714ad9b1b3"
  integrity sha512-VtZc25EecPZyUBER85zFK9ZbY6kkUdcm1ZwJ9hdoGSCr1R/GFgxor4jngOcSYeMvQ+qimd5No44OVJW3rSJECA==
  dependencies:
    "@types/react-native-vector-icons" "^6.4.6"
    color "^3.1.2"
    deepmerge "^4.2.2"
    hoist-non-react-statics "^3.3.2"
    lodash.isequal "^4.5.0"
    opencollective-postinstall "^2.0.3"
    react-native-ratings "8.0.4"
    react-native-size-matters "^0.3.1"

react-native-ratings@8.0.4:
  version "8.0.4"
  resolved "https://registry.yarnpkg.com/react-native-ratings/-/react-native-ratings-8.0.4.tgz#efd5ebad8acc08bf98d34d39b18fb7a6813ef991"
  integrity sha512-Xczu5lskIIRD6BEdz9A0jDRpEck/SFxRqiglkXi0u67yAtI1/pcJC76P4MukCbT8K4BPVl+42w83YqXBoBRl7A==
  dependencies:
    lodash "^4.17.15"

react-native-size-matters@^0.3.1:
  version "0.3.1"
  resolved "https://registry.yarnpkg.com/react-native-size-matters/-/react-native-size-matters-0.3.1.tgz#24d0cfc335a2c730f6d58bd7b43ea5a41be4b49f"
  integrity sha512-mKOfBLIBFBcs9br1rlZDvxD5+mAl8Gfr5CounwJtxI6Z82rGrMO+Kgl9EIg3RMVf3G855a85YVqHJL2f5EDRlw==

rescript-react-native@^0.78.1:
  version "0.78.1"
  resolved "https://registry.yarnpkg.com/rescript-react-native/-/rescript-react-native-0.78.1.tgz#81e16e321c9ca1a565381f9c090c0bec5804a416"
  integrity sha512-1XFRUyJssNKNVM1kix2ZZbK7iyR3x0uEgugTGvkGu9NdCnldTu3Yu2CH15K0L6dxwd9YdoDq9oKKO7baunZ49w==

rescript@^12.0.0:
  version "12.0.0"
  resolved "https://registry.yarnpkg.com/rescript/-/rescript-12.0.0.tgz#583ce5aa518b35b451f0b95bb18d90bdb9f59503"
  integrity sha512-DGcZI2L5W0c6FuEnspLE0MIe1UtTt1VsW/vQfzBFCEBxSsQtoA6YRHUB8Puwnb30PHqZiFK1ADhn6UgA8LWK0A==
  dependencies:
    "@rescript/runtime" "12.0.0"
  optionalDependencies:
    "@rescript/darwin-arm64" "12.0.0"
    "@rescript/darwin-x64" "12.0.0"
    "@rescript/linux-arm64" "12.0.0"
    "@rescript/linux-x64" "12.0.0"
    "@rescript/win32-x64" "12.0.0"

simple-swizzle@^0.2.2:
  version "0.2.4"
  resolved "https://registry.yarnpkg.com/simple-swizzle/-/simple-swizzle-0.2.4.tgz#a8d11a45a11600d6a1ecdff6363329e3648c3667"
  integrity sha512-nAu1WFPQSMNr2Zn9PGSZK9AGn4t/y97lEm+MXTtUDwfP0ksAIX4nO+6ruD9Jwut4C49SB1Ws+fbXsm/yScWOHw==
  dependencies:
    is-arrayish "^0.3.1"
